
Microsoft Visual Studio Solution File, Format Version 12.00
# Visual Studio 15
VisualStudioVersion = 15.0.26124.0
MinimumVisualStudioVersion = 15.0.26124.0
Project("{FAE04EC0-301F-11D3-BF4B-00C04F79EFBC}") = "api.Api", "api.Api\api.Api.csproj", "{1D841E0F-5E81-4DEE-97C5-BAF78ACE9150}"
EndProject
Project("{FAE04EC0-301F-11D3-BF4B-00C04F79EFBC}") = "api.Entities", "api.Entities\api.Entities.csproj", "{467B2ABA-DB98-4910-AED2-709264269EFE}"
EndProject
Project("{FAE04EC0-301F-11D3-BF4B-00C04F79EFBC}") = "api.Models", "api.Models\api.Models.csproj", "{A82D2814-3DD4-40FE-852E-0C62A5FCB56D}"
EndProject
Project("{FAE04EC0-301F-11D3-BF4B-00C04F79EFBC}") = "api.Shared", "api.Shared\api.Shared.csproj", "{32A19627-9C89-4B7B-9A9A-AB19A809F797}"
EndProject
Global
	GlobalSection(SolutionConfigurationPlatforms) = preSolution
		Debug|Any CPU = Debug|Any CPU
		Debug|x64 = Debug|x64
		Debug|x86 = Debug|x86
		Release|Any CPU = Release|Any CPU
		Release|x64 = Release|x64
		Release|x86 = Release|x86
	EndGlobalSection
	GlobalSection(SolutionProperties) = preSolution
		HideSolutionNode = FALSE
	EndGlobalSection
	GlobalSection(ProjectConfigurationPlatforms) = postSolution
		{1D841E0F-5E81-4DEE-97C5-BAF78ACE9150}.Debug|Any CPU.ActiveCfg = Debug|Any CPU
		{1D841E0F-5E81-4DEE-97C5-BAF78ACE9150}.Debug|Any CPU.Build.0 = Debug|Any CPU
		{1D841E0F-5E81-4DEE-97C5-BAF78ACE9150}.Debug|x64.ActiveCfg = Debug|Any CPU
		{1D841E0F-5E81-4DEE-97C5-BAF78ACE9150}.Debug|x64.Build.0 = Debug|Any CPU
		{1D841E0F-5E81-4DEE-97C5-BAF78ACE9150}.Debug|x86.ActiveCfg = Debug|Any CPU
		{1D841E0F-5E81-4DEE-97C5-BAF78ACE9150}.Debug|x86.Build.0 = Debug|Any CPU
		{1D841E0F-5E81-4DEE-97C5-BAF78ACE9150}.Release|Any CPU.ActiveCfg = Release|Any CPU
		{1D841E0F-5E81-4DEE-97C5-BAF78ACE9150}.Release|Any CPU.Build.0 = Release|Any CPU
		{1D841E0F-5E81-4DEE-97C5-BAF78ACE9150}.Release|x64.ActiveCfg = Release|Any CPU
		{1D841E0F-5E81-4DEE-97C5-BAF78ACE9150}.Release|x64.Build.0 = Release|Any CPU
		{1D841E0F-5E81-4DEE-97C5-BAF78ACE9150}.Release|x86.ActiveCfg = Release|Any CPU
		{1D841E0F-5E81-4DEE-97C5-BAF78ACE9150}.Release|x86.Build.0 = Release|Any CPU
		{467B2ABA-DB98-4910-AED2-709264269EFE}.Debug|Any CPU.ActiveCfg = Debug|Any CPU
		{467B2ABA-DB98-4910-AED2-709264269EFE}.Debug|Any CPU.Build.0 = Debug|Any CPU
		{467B2ABA-DB98-4910-AED2-709264269EFE}.Debug|x64.ActiveCfg = Debug|Any CPU
		{467B2ABA-DB98-4910-AED2-709264269EFE}.Debug|x64.Build.0 = Debug|Any CPU
		{467B2ABA-DB98-4910-AED2-709264269EFE}.Debug|x86.ActiveCfg = Debug|Any CPU
		{467B2ABA-DB98-4910-AED2-709264269EFE}.Debug|x86.Build.0 = Debug|Any CPU
		{467B2ABA-DB98-4910-AED2-709264269EFE}.Release|Any CPU.ActiveCfg = Release|Any CPU
		{467B2ABA-DB98-4910-AED2-709264269EFE}.Release|Any CPU.Build.0 = Release|Any CPU
		{467B2ABA-DB98-4910-AED2-709264269EFE}.Release|x64.ActiveCfg = Release|Any CPU
		{467B2ABA-DB98-4910-AED2-709264269EFE}.Release|x64.Build.0 = Release|Any CPU
		{467B2ABA-DB98-4910-AED2-709264269EFE}.Release|x86.ActiveCfg = Release|Any CPU
		{467B2ABA-DB98-4910-AED2-709264269EFE}.Release|x86.Build.0 = Release|Any CPU
		{A82D2814-3DD4-40FE-852E-0C62A5FCB56D}.Debug|Any CPU.ActiveCfg = Debug|Any CPU
		{A82D2814-3DD4-40FE-852E-0C62A5FCB56D}.Debug|Any CPU.Build.0 = Debug|Any CPU
		{A82D2814-3DD4-40FE-852E-0C62A5FCB56D}.Debug|x64.ActiveCfg = Debug|Any CPU
		{A82D2814-3DD4-40FE-852E-0C62A5FCB56D}.Debug|x64.Build.0 = Debug|Any CPU
		{A82D2814-3DD4-40FE-852E-0C62A5FCB56D}.Debug|x86.ActiveCfg = Debug|Any CPU
		{A82D2814-3DD4-40FE-852E-0C62A5FCB56D}.Debug|x86.Build.0 = Debug|Any CPU
		{A82D2814-3DD4-40FE-852E-0C62A5FCB56D}.Release|Any CPU.ActiveCfg = Release|Any CPU
		{A82D2814-3DD4-40FE-852E-0C62A5FCB56D}.Release|Any CPU.Build.0 = Release|Any CPU
		{A82D2814-3DD4-40FE-852E-0C62A5FCB56D}.Release|x64.ActiveCfg = Release|Any CPU
		{A82D2814-3DD4-40FE-852E-0C62A5FCB56D}.Release|x64.Build.0 = Release|Any CPU
		{A82D2814-3DD4-40FE-852E-0C62A5FCB56D}.Release|x86.ActiveCfg = Release|Any CPU
		{A82D2814-3DD4-40FE-852E-0C62A5FCB56D}.Release|x86.Build.0 = Release|Any CPU
		{32A19627-9C89-4B7B-9A9A-AB19A809F797}.Debug|Any CPU.ActiveCfg = Debug|Any CPU
		{32A19627-9C89-4B7B-9A9A-AB19A809F797}.Debug|Any CPU.Build.0 = Debug|Any CPU
		{32A19627-9C89-4B7B-9A9A-AB19A809F797}.Debug|x64.ActiveCfg = Debug|Any CPU
		{32A19627-9C89-4B7B-9A9A-AB19A809F797}.Debug|x64.Build.0 = Debug|Any CPU
		{32A19627-9C89-4B7B-9A9A-AB19A809F797}.Debug|x86.ActiveCfg = Debug|Any CPU
		{32A19627-9C89-4B7B-9A9A-AB19A809F797}.Debug|x86.Build.0 = Debug|Any CPU
		{32A19627-9C89-4B7B-9A9A-AB19A809F797}.Release|Any CPU.ActiveCfg = Release|Any CPU
		{32A19627-9C89-4B7B-9A9A-AB19A809F797}.Release|Any CPU.Build.0 = Release|Any CPU
		{32A19627-9C89-4B7B-9A9A-AB19A809F797}.Release|x64.ActiveCfg = Release|Any CPU
		{32A19627-9C89-4B7B-9A9A-AB19A809F797}.Release|x64.Build.0 = Release|Any CPU
		{32A19627-9C89-4B7B-9A9A-AB19A809F797}.Release|x86.ActiveCfg = Release|Any CPU
		{32A19627-9C89-4B7B-9A9A-AB19A809F797}.Release|x86.Build.0 = Release|Any CPU
	EndGlobalSection
EndGlobal
